{
  "version": "5",
  "specifiers": {
    "jsr:@std/assert@1": "1.0.19",
    "jsr:@std/internal@^1.0.12": "1.0.14"
  },
  "jsr": {
    "@std/assert@1.0.19": {
      "integrity": "eaada96ee120cb980bc47e040f82814d786fe8162ecc53c91d8df60b8755991e",
      "dependencies": [
        "jsr:@std/internal"
      ]
    },
    "@std/internal@1.0.14": {
      "integrity": "291516b3d4c35024d6ffbc0a9df5bf4c64116e05b50012cf846710152d2ffdf7"
    }
  },
  "workspace": {
    "packageJson": {
      "dependencies": [
        "npm:prettier@3.9.6"
      ]
    },
    "members": {
      "apps/mobile": {
        "packageJson": {
          "dependencies": [
            "npm:@collegeos/api@*",
            "npm:@collegeos/config@*",
            "npm:@collegeos/design@*",
            "npm:@expo-google-fonts/ibm-plex-mono@~0.4.1",
            "npm:@expo-google-fonts/ibm-plex-sans@~0.4.1",
            "npm:@expo-google-fonts/ibm-plex-serif@~0.4.1",
            "npm:@react-native-async-storage/async-storage@2.2.0",
            "npm:@react-native-community/datetimepicker@9.1.0",
            "npm:@supabase/supabase-js@2.112.3",
            "npm:@testing-library/react-native@14.0.1",
            "npm:@types/jest@^29.5.14",
            "npm:@types/react@~19.2.2",
            "npm:eslint-config-expo@~57.0.1",
            "npm:eslint@9.39.5",
            "npm:expo-constants@~57.0.12",
            "npm:expo-file-system@~57.0.4",
            "npm:expo-font@~57.0.1",
            "npm:expo-linking@~57.0.6",
            "npm:expo-router@~57.0.14",
            "npm:expo-splash-screen@~57.0.7",
            "npm:expo@~57.0.14",
            "npm:jest-expo@~57.0.4",
            "npm:jest@29.7.0",
            "npm:react-dom@19.2.3",
            "npm:react-native-gesture-handler@2.32",
            "npm:react-native-reanimated@4.5.1",
            "npm:react-native-safe-area-context@5.7",
            "npm:react-native-screens@4.26",
            "npm:react-native-web@0.21",
            "npm:react-native-worklets@0.10.1",
            "npm:react-native@0.86.2",
            "npm:react@19.2.3",
            "npm:typescript@5.9.3"
          ]
        }
      },
      "apps/web": {
        "packageJson": {
          "dependencies": [
            "npm:@collegeos/api@*",
            "npm:@collegeos/config@*",
            "npm:@collegeos/core@*",
            "npm:@collegeos/design@*",
            "npm:@playwright/test@1.62.1",
            "npm:@supabase/ssr@0.12.4",
            "npm:@supabase/supabase-js@2.112.3",
            "npm:@tailwindcss/postcss@4.3.3",
            "npm:@types/node@20",
            "npm:@types/react-dom@19",
            "npm:@types/react@19",
            "npm:eslint-config-next@16.3.1",
            "npm:eslint@9.39.5",
            "npm:next@16.3.1",
            "npm:react-dom@19.2.8",
            "npm:react@19.2.8",
            "npm:server-only@0.0.1",
            "npm:tailwindcss@4.3.3",
            "npm:typescript@5.9.3"
          ]
        }
      },
      "packages/api": {
        "packageJson": {
          "dependencies": [
            "npm:@collegeos/config@*",
            "npm:@collegeos/core@*",
            "npm:@supabase/supabase-js@2.112.3",
            "npm:typescript@5.9.3",
            "npm:vitest@^2.1.9"
          ]
        }
      },
      "packages/config": {
        "packageJson": {
          "dependencies": [
            "npm:typescript@5.9.3"
          ]
        }
      },
      "packages/core": {
        "packageJson": {
          "dependencies": [
            "npm:@collegeos/config@*",
            "npm:@vitest/coverage-v8@^2.1.9",
            "npm:typescript@^5.7.3",
            "npm:vitest@^2.1.9"
          ]
        }
      },
      "packages/design": {
        "packageJson": {
          "dependencies": [
            "npm:@collegeos/config@*",
            "npm:typescript@5.9.3"
          ]
        }
      }
    }
  }
}
